Microsoft Visual Studio Solution File, Format Version 7.00
Project("{8BC9CEB8-8B4A-11D0-8D11-00A0C91BC942}") = "TopTool", "TopTool.vcproj", "{EEA033ED-1FE5-4A2B-A49D-4F064EDFC4E5}"
EndProject
Global
	GlobalSection(SolutionConfiguration) = preSolution
		ConfigName.0 = Debug
		ConfigName.1 = Release
	EndGlobalSection
	GlobalSection(ProjectDependencies) = postSolution
	EndGlobalSection
	GlobalSection(ProjectConfiguration) = postSolution
		{EEA033ED-1FE5-4A2B-A49D-4F064EDFC4E5}.Debug.ActiveCfg = Debug|Win32
		{EEA033ED-1FE5-4A2B-A49D-4F064EDFC4E5}.Debug.Build.0 = Debug|Win32
		{EEA033ED-1FE5-4A2B-A49D-4F064EDFC4E5}.Release.ActiveCfg = Release|Win32
		{EEA033ED-1FE5-4A2B-A49D-4F064EDFC4E5}.Release.Build.0 = Release|Win32
	EndGlobalSection
	GlobalSection(ExtensibilityGlobals) = postSolution
	EndGlobalSection
	GlobalSection(ExtensibilityAddIns) = postSolution
	EndGlobalSection
EndGlobal
