
Microsoft Visual Studio Solution File, Format Version 9.00
# Visual Studio 2005
Project("{6989167D-11E4-40FE-8C1A-2192A86A7E90}") = "TLM", "TLM\TLM.vfproj", "{313A91E6-FC0A-4299-93A0-19CAA75FF93D}"
EndProject
Global
	GlobalSection(SolutionConfigurationPlatforms) = preSolution
		Debug|Win32 = Debug|Win32
		Release|Win32 = Release|Win32
	EndGlobalSection
	GlobalSection(ProjectConfigurationPlatforms) = postSolution
		{313A91E6-FC0A-4299-93A0-19CAA75FF93D}.Debug|Win32.ActiveCfg = Debug|Win32
		{313A91E6-FC0A-4299-93A0-19CAA75FF93D}.Debug|Win32.Build.0 = Debug|Win32
		{313A91E6-FC0A-4299-93A0-19CAA75FF93D}.Release|Win32.ActiveCfg = Release|Win32
		{313A91E6-FC0A-4299-93A0-19CAA75FF93D}.Release|Win32.Build.0 = Release|Win32
	EndGlobalSection
	GlobalSection(SolutionProperties) = preSolution
		HideSolutionNode = FALSE
	EndGlobalSection
EndGlobal
